
Microsoft Visual Studio Solution File, Format Version 12.00
# Visual Studio Version 16
VisualStudioVersion = 16.0.32126.315
MinimumVisualStudioVersion = 10.0.40219.1
Project("{FAE04EC0-301F-11D3-BF4B-00C04F79EFBC}") = "locationserver", "locationserver\locationserver.csproj", "{7859B434-28AC-46CC-BC0A-76B2E1374258}"
EndProject
Global
	GlobalSection(SolutionConfigurationPlatforms) = preSolution
		Debug|Any CPU = Debug|Any CPU
		Release|Any CPU = Release|Any CPU
	EndGlobalSection
	GlobalSection(ProjectConfigurationPlatforms) = postSolution
		{7859B434-28AC-46CC-BC0A-76B2E1374258}.Debug|Any CPU.ActiveCfg = Debug|Any CPU
		{7859B434-28AC-46CC-BC0A-76B2E1374258}.Debug|Any CPU.Build.0 = Debug|Any CPU
		{7859B434-28AC-46CC-BC0A-76B2E1374258}.Release|Any CPU.ActiveCfg = Release|Any CPU
		{7859B434-28AC-46CC-BC0A-76B2E1374258}.Release|Any CPU.Build.0 = Release|Any CPU
	EndGlobalSection
	GlobalSection(SolutionProperties) = preSolution
		HideSolutionNode = FALSE
	EndGlobalSection
	GlobalSection(ExtensibilityGlobals) = postSolution
		SolutionGuid = {A116EEE6-7530-452E-B3E0-C02F001E8080}
	EndGlobalSection
EndGlobal
